// !$*UTF8*$!
{
	archiveVersion = 1;
	classes = {
	};
	objectVersion = 50;
	objects = {

/* Begin PBXBuildFile section */
		769A4734217CDFAE00C282C1 /* cse335f18_lab04-archer_patrick.xcdatamodeld in Sources */ = {isa = PBXBuildFile; fileRef = 769A4732217CDFAE00C282C1 /* cse335f18_lab04-archer_patrick.xcdatamodeld */; };
		769A473B217CEA6800C282C1 /* LocationEntity+CoreDataClass.swift in Sources */ = {isa = PBXBuildFile; fileRef = 769A4739217CEA6800C282C1 /* LocationEntity+CoreDataClass.swift */; };
		769A473C217CEA6800C282C1 /* LocationEntity+CoreDataProperties.swift in Sources */ = {isa = PBXBuildFile; fileRef = 769A473A217CEA6800C282C1 /* LocationEntity+CoreDataProperties.swift */; };
		76D3CBD3215D59F800BC21AA /* AppDelegate.swift in Sources */ = {isa = PBXBuildFile; fileRef = 76D3CBD2215D59F800BC21AA /* AppDelegate.swift */; };
		76D3CBD5215D59F800BC21AA /* StartingViewController.swift in Sources */ = {isa = PBXBuildFile; fileRef = 76D3CBD4215D59F800BC21AA /* StartingViewController.swift */; };
		76D3CBD8215D59F800BC21AA /* Main.storyboard in Resources */ = {isa = PBXBuildFile; fileRef = 76D3CBD6215D59F800BC21AA /* Main.storyboard */; };
		76D3CBDA215D5A0100BC21AA /* Assets.xcassets in Resources */ = {isa = PBXBuildFile; fileRef = 76D3CBD9215D5A0100BC21AA /* Assets.xcassets */; };
		76D3CBDD215D5A0100BC21AA /* LaunchScreen.storyboard in Resources */ = {isa = PBXBuildFile; fileRef = 76D3CBDB215D5A0100BC21AA /* LaunchScreen.storyboard */; };
		76D3CBEB215D5B3F00BC21AA /* DetailedViewController.swift in Sources */ = {isa = PBXBuildFile; fileRef = 76D3CBEA215D5B3F00BC21AA /* DetailedViewController.swift */; };
		76D3CBED215D5D4D00BC21AA /* locations.swift in Sources */ = {isa = PBXBuildFile; fileRef = 76D3CBEC215D5D4D00BC21AA /* locations.swift */; };
		76D3CBEF215D610900BC21AA /* LocTableViewCell.swift in Sources */ = {isa = PBXBuildFile; fileRef = 76D3CBEE215D610900BC21AA /* LocTableViewCell.swift */; };
		76D3CBF1215D6E5E00BC21AA /* newyork.jpeg in Resources */ = {isa = PBXBuildFile; fileRef = 76D3CBF0215D6E5E00BC21AA /* newyork.jpeg */; };
/* End PBXBuildFile section */

/* Begin PBXFileReference section */
		769A4733217CDFAE00C282C1 /* cse335f18_lab04-archer_patrick.xcdatamodel */ = {isa = PBXFileReference; lastKnownFileType = wrapper.xcdatamodel; path = "cse335f18_lab04-archer_patrick.xcdatamodel"; sourceTree = "<group>"; };
		769A4739217CEA6800C282C1 /* LocationEntity+CoreDataClass.swift */ = {isa = PBXFileReference; lastKnownFileType = sourcecode.swift; path = "LocationEntity+CoreDataClass.swift"; sourceTree = "<group>"; };
		769A473A217CEA6800C282C1 /* LocationEntity+CoreDataProperties.swift */ = {isa = PBXFileReference; lastKnownFileType = sourcecode.swift; path = "LocationEntity+CoreDataProperties.swift"; sourceTree = "<group>"; };
		76D3CBCF215D59F800BC21AA /* cse335f18_lab04-archer_patrick.app */ = {isa = PBXFileReference; explicitFileType = wrapper.application; includeInIndex = 0; path = "cse335f18_lab04-archer_patrick.app"; sourceTree = BUILT_PRODUCTS_DIR; };
		76D3CBD2215D59F800BC21AA /* AppDelegate.swift */ = {isa = PBXFileReference; lastKnownFileType = sourcecode.swift; path = AppDelegate.swift; sourceTree = "<group>"; };
		76D3CBD4215D59F800BC21AA /* StartingViewController.swift */ = {isa = PBXFileReference; lastKnownFileType = sourcecode.swift; path = StartingViewController.swift; sourceTree = "<group>"; };
		76D3CBD7215D59F800BC21AA /* Base */ = {isa = PBXFileReference; lastKnownFileType = file.storyboard; name = Base; path = Base.lproj/Main.storyboard; sourceTree = "<group>"; };
		76D3CBD9215D5A0100BC21AA /* Assets.xcassets */ = {isa = PBXFileReference; lastKnownFileType = folder.assetcatalog; path = Assets.xcassets; sourceTree = "<group>"; };
		76D3CBDC215D5A0100BC21AA /* Base */ = {isa = PBXFileReference; lastKnownFileType = file.storyboard; name = Base; path = Base.lproj/LaunchScreen.storyboard; sourceTree = "<group>"; };
		76D3CBDE215D5A0100BC21AA /* Info.plist */ = {isa = PBXFileReference; lastKnownFileType = text.plist.xml; path = Info.plist; sourceTree = "<group>"; };
		76D3CBEA215D5B3F00BC21AA /* DetailedViewController.swift */ = {isa = PBXFileReference; lastKnownFileType = sourcecode.swift; path = DetailedViewController.swift; sourceTree = "<group>"; };
		76D3CBEC215D5D4D00BC21AA /* locations.swift */ = {isa = PBXFileReference; lastKnownFileType = sourcecode.swift; path = locations.swift; sourceTree = "<group>"; };
		76D3CBEE215D610900BC21AA /* LocTableViewCell.swift */ = {isa = PBXFileReference; lastKnownFileType = sourcecode.swift; path = LocTableViewCell.swift; sourceTree = "<group>"; };
		76D3CBF0215D6E5E00BC21AA /* newyork.jpeg */ = {isa = PBXFileReference; lastKnownFileType = image.jpeg; path = newyork.jpeg; sourceTree = "<group>"; };
/* End PBXFileReference section */

/* Begin PBXFrameworksBuildPhase section */
		76D3CBCC215D59F800BC21AA /* Frameworks */ = {
			isa = PBXFrameworksBuildPhase;
			buildActionMask = 2147483647;
			files = (
			);
			runOnlyForDeploymentPostprocessing = 0;
		};
/* End PBXFrameworksBuildPhase section */

/* Begin PBXGroup section */
		76D3CBC6215D59F700BC21AA = {
			isa = PBXGroup;
			children = (
				76D3CBD1215D59F800BC21AA /* cse335f18_lab04-archer_patrick */,
				76D3CBD0215D59F800BC21AA /* Products */,
			);
			sourceTree = "<group>";
		};
		76D3CBD0215D59F800BC21AA /* Products */ = {
			isa = PBXGroup;
			children = (
				76D3CBCF215D59F800BC21AA /* cse335f18_lab04-archer_patrick.app */,
			);
			name = Products;
			sourceTree = "<group>";
		};
		76D3CBD1215D59F800BC21AA /* cse335f18_lab04-archer_patrick */ = {
			isa = PBXGroup;
			children = (
				76D3CBDE215D5A0100BC21AA /* Info.plist */,
				76D3CBF0215D6E5E00BC21AA /* newyork.jpeg */,
				76D3CBE7215D5A3000BC21AA /* Supporting Files */,
				76D3CBE6215D5A2A00BC21AA /* CONTROLLERS */,
				76D3CBE5215D5A2500BC21AA /* VIEWS */,
				76D3CBE4215D5A1F00BC21AA /* MODELS */,
			);
			path = "cse335f18_lab04-archer_patrick";
			sourceTree = "<group>";
		};
		76D3CBE4215D5A1F00BC21AA /* MODELS */ = {
			isa = PBXGroup;
			children = (
				76D3CBD2215D59F800BC21AA /* AppDelegate.swift */,
				76D3CBEC215D5D4D00BC21AA /* locations.swift */,
				76D3CBEE215D610900BC21AA /* LocTableViewCell.swift */,
				769A4739217CEA6800C282C1 /* LocationEntity+CoreDataClass.swift */,
				769A473A217CEA6800C282C1 /* LocationEntity+CoreDataProperties.swift */,
			);
			path = MODELS;
			sourceTree = "<group>";
		};
		76D3CBE5215D5A2500BC21AA /* VIEWS */ = {
			isa = PBXGroup;
			children = (
				76D3CBD6215D59F800BC21AA /* Main.storyboard */,
				76D3CBDB215D5A0100BC21AA /* LaunchScreen.storyboard */,
			);
			path = VIEWS;
			sourceTree = "<group>";
		};
		76D3CBE6215D5A2A00BC21AA /* CONTROLLERS */ = {
			isa = PBXGroup;
			children = (
				76D3CBD4215D59F800BC21AA /* StartingViewController.swift */,
				76D3CBEA215D5B3F00BC21AA /* DetailedViewController.swift */,
			);
			path = CONTROLLERS;
			sourceTree = "<group>";
		};
		76D3CBE7215D5A3000BC21AA /* Supporting Files */ = {
			isa = PBXGroup;
			children = (
				76D3CBD9215D5A0100BC21AA /* Assets.xcassets */,
				769A4732217CDFAE00C282C1 /* cse335f18_lab04-archer_patrick.xcdatamodeld */,
			);
			path = "Supporting Files";
			sourceTree = "<group>";
		};
/* End PBXGroup section */

/* Begin PBXNativeTarget section */
		76D3CBCE215D59F800BC21AA /* cse335f18_lab04-archer_patrick */ = {
			isa = PBXNativeTarget;
			buildConfigurationList = 76D3CBE1215D5A0100BC21AA /* Build configuration list for PBXNativeTarget "cse335f18_lab04-archer_patrick" */;
			buildPhases = (
				76D3CBCB215D59F800BC21AA /* Sources */,
				76D3CBCC215D59F800BC21AA /* Frameworks */,
				76D3CBCD215D59F800BC21AA /* Resources */,
			);
			buildRules = (
			);
			dependencies = (
			);
			name = "cse335f18_lab04-archer_patrick";
			productName = "cse335f18_lab04-archer_patrick";
			productReference = 76D3CBCF215D59F800BC21AA /* cse335f18_lab04-archer_patrick.app */;
			productType = "com.apple.product-type.application";
		};
/* End PBXNativeTarget section */

/* Begin PBXProject section */
		76D3CBC7215D59F700BC21AA /* Project object */ = {
			isa = PBXProject;
			attributes = {
				LastSwiftUpdateCheck = 0940;
				LastUpgradeCheck = 0940;
				ORGANIZATIONNAME = "Patrick Archer - Self";
				TargetAttributes = {
					76D3CBCE215D59F800BC21AA = {
						CreatedOnToolsVersion = 9.4.1;
					};
				};
			};
			buildConfigurationList = 76D3CBCA215D59F700BC21AA /* Build configuration list for PBXProject "cse335f18_lab04-archer_patrick" */;
			compatibilityVersion = "Xcode 9.3";
			developmentRegion = en;
			hasScannedForEncodings = 0;
			knownRegions = (
				en,
				Base,
			);
			mainGroup = 76D3CBC6215D59F700BC21AA;
			productRefGroup = 76D3CBD0215D59F800BC21AA /* Products */;
			projectDirPath = "";
			projectRoot = "";
			targets = (
				76D3CBCE215D59F800BC21AA /* cse335f18_lab04-archer_patrick */,
			);
		};
/* End PBXProject section */

/* Begin PBXResourcesBuildPhase section */
		76D3CBCD215D59F800BC21AA /* Resources */ = {
			isa = PBXResourcesBuildPhase;
			buildActionMask = 2147483647;
			files = (
				76D3CBDD215D5A0100BC21AA /* LaunchScreen.storyboard in Resources */,
				76D3CBDA215D5A0100BC21AA /* Assets.xcassets in Resources */,
				76D3CBD8215D59F800BC21AA /* Main.storyboard in Resources */,
				76D3CBF1215D6E5E00BC21AA /* newyork.jpeg in Resources */,
			);
			runOnlyForDeploymentPostprocessing = 0;
		};
/* End PBXResourcesBuildPhase section */

/* Begin PBXSourcesBuildPhase section */
		76D3CBCB215D59F800BC21AA /* Sources */ = {
			isa = PBXSourcesBuildPhase;
			buildActionMask = 2147483647;
			files = (
				76D3CBD5215D59F800BC21AA /* StartingViewController.swift in Sources */,
				769A473B217CEA6800C282C1 /* LocationEntity+CoreDataClass.swift in Sources */,
				76D3CBD3215D59F800BC21AA /* AppDelegate.swift in Sources */,
				769A473C217CEA6800C282C1 /* LocationEntity+CoreDataProperties.swift in Sources */,
				76D3CBEF215D610900BC21AA /* LocTableViewCell.swift in Sources */,
				769A4734217CDFAE00C282C1 /* cse335f18_lab04-archer_patrick.xcdatamodeld in Sources */,
				76D3CBED215D5D4D00BC21AA /* locations.swift in Sources */,
				76D3CBEB215D5B3F00BC21AA /* DetailedViewController.swift in Sources */,
			);
			runOnlyForDeploymentPostprocessing = 0;
		};
/* End PBXSourcesBuildPhase section */

/* Begin PBXVariantGroup section */
		76D3CBD6215D59F800BC21AA /* Main.storyboard */ = {
			isa = PBXVariantGroup;
			children = (
				76D3CBD7215D59F800BC21AA /* Base */,
			);
			name = Main.storyboard;
			sourceTree = "<group>";
		};
		76D3CBDB215D5A0100BC21AA /* LaunchScreen.storyboard */ = {
			isa = PBXVariantGroup;
			children = (
				76D3CBDC215D5A0100BC21AA /* Base */,
			);
			name = LaunchScreen.storyboard;
			sourceTree = "<group>";
		};
/* End PBXVariantGroup section */

/* Begin XCBuildConfiguration section */
		76D3CBDF215D5A0100BC21AA /* Debug */ = {
			isa = XCBuildConfiguration;
			buildSettings = {
				ALWAYS_SEARCH_USER_PATHS = NO;
				CLANG_ANALYZER_NONNULL = YES;
				CLANG_ANALYZER_NUMBER_OBJECT_CONVERSION = YES_AGGRESSIVE;
				CLANG_CXX_LANGUAGE_STANDARD = "gnu++14";
				CLANG_CXX_LIBRARY = "libc++";
				CLANG_ENABLE_MODULES = YES;
				CLANG_ENABLE_OBJC_ARC = YES;
				CLANG_ENABLE_OBJC_WEAK = YES;
				CLANG_WARN_BLOCK_CAPTURE_AUTORELEASING = YES;
				CLANG_WARN_BOOL_CONVERSION = YES;
				CLANG_WARN_COMMA = YES;
				CLANG_WARN_CONSTANT_CONVERSION = YES;
				CLANG_WARN_DEPRECATED_OBJC_IMPLEMENTATIONS = YES;
				CLANG_WARN_DIRECT_OBJC_ISA_USAGE = YES_ERROR;
				CLANG_WARN_DOCUMENTATION_COMMENTS = YES;
				CLANG_WARN_EMPTY_BODY = YES;
				CLANG_WARN_ENUM_CONVERSION = YES;
				CLANG_WARN_INFINITE_RECURSION = YES;
				CLANG_WARN_INT_CONVERSION = YES;
				CLANG_WARN_NON_LITERAL_NULL_CONVERSION = YES;
				CLANG_WARN_OBJC_IMPLICIT_RETAIN_SELF = YES;
				CLANG_WARN_OBJC_LITERAL_CONVERSION = YES;
				CLANG_WARN_OBJC_ROOT_CLASS = YES_ERROR;
				CLANG_WARN_RANGE_LOOP_ANALYSIS = YES;
				CLANG_WARN_STRICT_PROTOTYPES = YES;
				CLANG_WARN_SUSPICIOUS_MOVE = YES;
				CLANG_WARN_UNGUARDED_AVAILABILITY = YES_AGGRESSIVE;
				CLANG_WARN_UNREACHABLE_CODE = YES;
				CLANG_WARN__DUPLICATE_METHOD_MATCH = YES;
				CODE_SIGN_IDENTITY = "iPhone Developer";
				COPY_PHASE_STRIP = NO;
				DEBUG_INFORMATION_FORMAT = dwarf;
				ENABLE_STRICT_OBJC_MSGSEND = YES;
				ENABLE_TESTABILITY = YES;
				GCC_C_LANGUAGE_STANDARD = gnu11;
				GCC_DYNAMIC_NO_PIC = NO;
				GCC_NO_COMMON_BLOCKS = YES;
				GCC_OPTIMIZATION_LEVEL = 0;
				GCC_PREPROCESSOR_DEFINITIONS = (
					"DEBUG=1",
					"$(inherited)",
				);
				GCC_WARN_64_TO_32_BIT_CONVERSION = YES;
				GCC_WARN_ABOUT_RETURN_TYPE = YES_ERROR;
				GCC_WARN_UNDECLARED_SELECTOR = YES;
				GCC_WARN_UNINITIALIZED_AUTOS = YES_AGGRESSIVE;
				GCC_WARN_UNUSED_FUNCTION = YES;
				GCC_WARN_UNUSED_VARIABLE = YES;
				IPHONEOS_DEPLOYMENT_TARGET = 11.4;
				MTL_ENABLE_DEBUG_INFO = YES;
				ONLY_ACTIVE_ARCH = YES;
				SDKROOT = iphoneos;
				SWIFT_ACTIVE_COMPILATION_CONDITIONS = DEBUG;
				SWIFT_OPTIMIZATION_LEVEL = "-Onone";
			};
			name = Debug;
		};
		76D3CBE0215D5A0100BC21AA /* Release */ = {
			isa = XCBuildConfiguration;
			buildSettings = {
				ALWAYS_SEARCH_USER_PATHS = NO;
				CLANG_ANALYZER_NONNULL = YES;
				CLANG_ANALYZER_NUMBER_OBJECT_CONVERSION = YES_AGGRESSIVE;
				CLANG_CXX_LANGUAGE_STANDARD = "gnu++14";
				CLANG_CXX_LIBRARY = "libc++";
				CLANG_ENABLE_MODULES = YES;
				CLANG_ENABLE_OBJC_ARC = YES;
				CLANG_ENABLE_OBJC_WEAK = YES;
				CLANG_WARN_BLOCK_CAPTURE_AUTORELEASING = YES;
				CLANG_WARN_BOOL_CONVERSION = YES;
				CLANG_WARN_COMMA = YES;
				CLANG_WARN_CONSTANT_CONVERSION = YES;
				CLANG_WARN_DEPRECATED_OBJC_IMPLEMENTATIONS = YES;
				CLANG_WARN_DIRECT_OBJC_ISA_USAGE = YES_ERROR;
				CLANG_WARN_DOCUMENTATION_COMMENTS = YES;
				CLANG_WARN_EMPTY_BODY = YES;
				CLANG_WARN_ENUM_CONVERSION = YES;
				CLANG_WARN_INFINITE_RECURSION = YES;
				CLANG_WARN_INT_CONVERSION = YES;
				CLANG_WARN_NON_LITERAL_NULL_CONVERSION = YES;
				CLANG_WARN_OBJC_IMPLICIT_RETAIN_SELF = YES;
				CLANG_WARN_OBJC_LITERAL_CONVERSION = YES;
				CLANG_WARN_OBJC_ROOT_CLASS = YES_ERROR;
				CLANG_WARN_RANGE_LOOP_ANALYSIS = YES;
				CLANG_WARN_STRICT_PROTOTYPES = YES;
				CLANG_WARN_SUSPICIOUS_MOVE = YES;
				CLANG_WARN_UNGUARDED_AVAILABILITY = YES_AGGRESSIVE;
				CLANG_WARN_UNREACHABLE_CODE = YES;
				CLANG_WARN__DUPLICATE_METHOD_MATCH = YES;
				CODE_SIGN_IDENTITY = "iPhone Developer";
				COPY_PHASE_STRIP = NO;
				DEBUG_INFORMATION_FORMAT = "dwarf-with-dsym";
				ENABLE_NS_ASSERTIONS = NO;
				ENABLE_STRICT_OBJC_MSGSEND = YES;
				GCC_C_LANGUAGE_STANDARD = gnu11;
				GCC_NO_COMMON_BLOCKS = YES;
				GCC_WARN_64_TO_32_BIT_CONVERSION = YES;
				GCC_WARN_ABOUT_RETURN_TYPE = YES_ERROR;
				GCC_WARN_UNDECLARED_SELECTOR = YES;
				GCC_WARN_UNINITIALIZED_AUTOS = YES_AGGRESSIVE;
				GCC_WARN_UNUSED_FUNCTION = YES;
				GCC_WARN_UNUSED_VARIABLE = YES;
				IPHONEOS_DEPLOYMENT_TARGET = 11.4;
				MTL_ENABLE_DEBUG_INFO = NO;
				SDKROOT = iphoneos;
				SWIFT_COMPILATION_MODE = wholemodule;
				SWIFT_OPTIMIZATION_LEVEL = "-O";
				VALIDATE_PRODUCT = YES;
			};
			name = Release;
		};
		76D3CBE2215D5A0100BC21AA /* Debug */ = {
			isa = XCBuildConfiguration;
			buildSettings = {
				ASSETCATALOG_COMPILER_APPICON_NAME = AppIcon;
				CODE_SIGN_STYLE = Automatic;
				INFOPLIST_FILE = "cse335f18_lab04-archer_patrick/Info.plist";
				LD_RUNPATH_SEARCH_PATHS = (
					"$(inherited)",
					"@executable_path/Frameworks",
				);
				PRODUCT_BUNDLE_IDENTIFIER = "PA.cse335f18-lab04-archer-patrick";
				PRODUCT_NAME = "$(TARGET_NAME)";
				SWIFT_VERSION = 4.0;
				TARGETED_DEVICE_FAMILY = "1,2";
			};
			name = Debug;
		};
		76D3CBE3215D5A0100BC21AA /* Release */ = {
			isa = XCBuildConfiguration;
			buildSettings = {
				ASSETCATALOG_COMPILER_APPICON_NAME = AppIcon;
				CODE_SIGN_STYLE = Automatic;
				INFOPLIST_FILE = "cse335f18_lab04-archer_patrick/Info.plist";
				LD_RUNPATH_SEARCH_PATHS = (
					"$(inherited)",
					"@executable_path/Frameworks",
				);
				PRODUCT_BUNDLE_IDENTIFIER = "PA.cse335f18-lab04-archer-patrick";
				PRODUCT_NAME = "$(TARGET_NAME)";
				SWIFT_VERSION = 4.0;
				TARGETED_DEVICE_FAMILY = "1,2";
			};
			name = Release;
		};
/* End XCBuildConfiguration section */

/* Begin XCConfigurationList section */
		76D3CBCA215D59F700BC21AA /* Build configuration list for PBXProject "cse335f18_lab04-archer_patrick" */ = {
			isa = XCConfigurationList;
			buildConfigurations = (
				76D3CBDF215D5A0100BC21AA /* Debug */,
				76D3CBE0215D5A0100BC21AA /* Release */,
			);
			defaultConfigurationIsVisible = 0;
			defaultConfigurationName = Release;
		};
		76D3CBE1215D5A0100BC21AA /* Build configuration list for PBXNativeTarget "cse335f18_lab04-archer_patrick" */ = {
			isa = XCConfigurationList;
			buildConfigurations = (
				76D3CBE2215D5A0100BC21AA /* Debug */,
				76D3CBE3215D5A0100BC21AA /* Release */,
			);
			defaultConfigurationIsVisible = 0;
			defaultConfigurationName = Release;
		};
/* End XCConfigurationList section */

/* Begin XCVersionGroup section */
		769A4732217CDFAE00C282C1 /* cse335f18_lab04-archer_patrick.xcdatamodeld */ = {
			isa = XCVersionGroup;
			children = (
				769A4733217CDFAE00C282C1 /* cse335f18_lab04-archer_patrick.xcdatamodel */,
			);
			currentVersion = 769A4733217CDFAE00C282C1 /* cse335f18_lab04-archer_patrick.xcdatamodel */;
			path = "cse335f18_lab04-archer_patrick.xcdatamodeld";
			sourceTree = "<group>";
			versionGroupType = wrapper.xcdatamodel;
		};
/* End XCVersionGroup section */
	};
	rootObject = 76D3CBC7215D59F700BC21AA /* Project object */;
}
